
Microsoft Visual Studio Solution File, Format Version 12.00
# Visual Studio Version 16
VisualStudioVersion = 16.0.29009.5
MinimumVisualStudioVersion = 10.0.40219.1
Project("{9092AA53-FB77-4645-B42D-1CCCA6BD08BD}") = "NodejsConsoleApp3", "NodejsConsoleApp3\NodejsConsoleApp3.njsproj", "{37F2EC0D-6BCB-42AB-BE71-3D7399302A95}"
EndProject
Global
	GlobalSection(SolutionConfigurationPlatforms) = preSolution
		Debug|Any CPU = Debug|Any CPU
		Release|Any CPU = Release|Any CPU
	EndGlobalSection
	GlobalSection(ProjectConfigurationPlatforms) = postSolution
		{37F2EC0D-6BCB-42AB-BE71-3D7399302A95}.Debug|Any CPU.ActiveCfg = Debug|Any CPU
		{37F2EC0D-6BCB-42AB-BE71-3D7399302A95}.Debug|Any CPU.Build.0 = Debug|Any CPU
		{37F2EC0D-6BCB-42AB-BE71-3D7399302A95}.Release|Any CPU.ActiveCfg = Release|Any CPU
		{37F2EC0D-6BCB-42AB-BE71-3D7399302A95}.Release|Any CPU.Build.0 = Release|Any CPU
	EndGlobalSection
	GlobalSection(SolutionProperties) = preSolution
		HideSolutionNode = FALSE
	EndGlobalSection
	GlobalSection(ExtensibilityGlobals) = postSolution
		SolutionGuid = {4303DD90-1084-47EF-83B9-735CF4932981}
	EndGlobalSection
EndGlobal
